
Microsoft Visual Studio Solution File, Format Version 12.00
# Visual Studio 15
VisualStudioVersion = 15.0.28307.572
MinimumVisualStudioVersion = 10.0.40219.1
Project("{FAE04EC0-301F-11D3-BF4B-00C04F79EFBC}") = "DocumentStorage", "DocumentStorage\DocumentStorage.csproj", "{00597518-3A56-4237-832E-7F40378CE67E}"
EndProject
Global
	GlobalSection(SolutionConfigurationPlatforms) = preSolution
		Debug|Any CPU = Debug|Any CPU
		Release|Any CPU = Release|Any CPU
	EndGlobalSection
	GlobalSection(ProjectConfigurationPlatforms) = postSolution
		{00597518-3A56-4237-832E-7F40378CE67E}.Debug|Any CPU.ActiveCfg = Debug|Any CPU
		{00597518-3A56-4237-832E-7F40378CE67E}.Debug|Any CPU.Build.0 = Debug|Any CPU
		{00597518-3A56-4237-832E-7F40378CE67E}.Release|Any CPU.ActiveCfg = Release|Any CPU
		{00597518-3A56-4237-832E-7F40378CE67E}.Release|Any CPU.Build.0 = Release|Any CPU
	EndGlobalSection
	GlobalSection(SolutionProperties) = preSolution
		HideSolutionNode = FALSE
	EndGlobalSection
	GlobalSection(ExtensibilityGlobals) = postSolution
		SolutionGuid = {03D2DA3B-FAA6-4CA1-9846-660950D19553}
	EndGlobalSection
EndGlobal
